
Microsoft Visual Studio Solution File, Format Version 12.00
# Visual Studio Version 17
VisualStudioVersion = 17.0.31903.59
MinimumVisualStudioVersion = 10.0.40219.1
Project("{FAE04EC0-301F-11D3-BF4B-00C04F79EFBC}") = "Swagger.Builder", "Swagger.Builder\Swagger.Builder.csproj", "{27A434EA-6FBF-4434-9BD5-EE9D87049300}"
EndProject
Project("{FAE04EC0-301F-11D3-BF4B-00C04F79EFBC}") = "Swagger.Builder.Abstractions", "Swagger.Builder.Abstractions\Swagger.Builder.Abstractions.csproj", "{DB113813-0E14-4BE3-A040-5B62E2789D09}"
EndProject
Project("{FAE04EC0-301F-11D3-BF4B-00C04F79EFBC}") = "Swagger.Core", "Swagger.Core\Swagger.Core.csproj", "{B08C2488-238B-4DE7-BC99-E2F2B4B1628F}"
EndProject
Project("{FAE04EC0-301F-11D3-BF4B-00C04F79EFBC}") = "Swagger.Gen", "Swagger.Gen\Swagger.Gen.csproj", "{E7F5E7C4-8CB4-46D8-97D3-6EFD7F14749C}"
EndProject
Project("{FAE04EC0-301F-11D3-BF4B-00C04F79EFBC}") = "Swagger.Hub", "Swagger.Hub\Swagger.Hub.csproj", "{7CC49184-202A-4958-91E5-21D5A2693209}"
EndProject
Project("{FAE04EC0-301F-11D3-BF4B-00C04F79EFBC}") = "Swagger.Option", "Swagger.Option\Swagger.Option.csproj", "{36B4259F-F46D-4ABA-B041-3A6A3F670264}"
EndProject
Project("{FAE04EC0-301F-11D3-BF4B-00C04F79EFBC}") = "Swagger.UI", "Swagger.UI\Swagger.UI.csproj", "{30459732-5B4D-4E24-8683-A8041E82B755}"
EndProject
Global
	GlobalSection(SolutionConfigurationPlatforms) = preSolution
		Debug|Any CPU = Debug|Any CPU
		Release|Any CPU = Release|Any CPU
	EndGlobalSection
	GlobalSection(SolutionProperties) = preSolution
		HideSolutionNode = FALSE
	EndGlobalSection
	GlobalSection(ProjectConfigurationPlatforms) = postSolution
		{27A434EA-6FBF-4434-9BD5-EE9D87049300}.Debug|Any CPU.ActiveCfg = Debug|Any CPU
		{27A434EA-6FBF-4434-9BD5-EE9D87049300}.Debug|Any CPU.Build.0 = Debug|Any CPU
		{27A434EA-6FBF-4434-9BD5-EE9D87049300}.Release|Any CPU.ActiveCfg = Release|Any CPU
		{27A434EA-6FBF-4434-9BD5-EE9D87049300}.Release|Any CPU.Build.0 = Release|Any CPU
		{DB113813-0E14-4BE3-A040-5B62E2789D09}.Debug|Any CPU.ActiveCfg = Debug|Any CPU
		{DB113813-0E14-4BE3-A040-5B62E2789D09}.Debug|Any CPU.Build.0 = Debug|Any CPU
		{DB113813-0E14-4BE3-A040-5B62E2789D09}.Release|Any CPU.ActiveCfg = Release|Any CPU
		{DB113813-0E14-4BE3-A040-5B62E2789D09}.Release|Any CPU.Build.0 = Release|Any CPU
		{B08C2488-238B-4DE7-BC99-E2F2B4B1628F}.Debug|Any CPU.ActiveCfg = Debug|Any CPU
		{B08C2488-238B-4DE7-BC99-E2F2B4B1628F}.Debug|Any CPU.Build.0 = Debug|Any CPU
		{B08C2488-238B-4DE7-BC99-E2F2B4B1628F}.Release|Any CPU.ActiveCfg = Release|Any CPU
		{B08C2488-238B-4DE7-BC99-E2F2B4B1628F}.Release|Any CPU.Build.0 = Release|Any CPU
		{E7F5E7C4-8CB4-46D8-97D3-6EFD7F14749C}.Debug|Any CPU.ActiveCfg = Debug|Any CPU
		{E7F5E7C4-8CB4-46D8-97D3-6EFD7F14749C}.Debug|Any CPU.Build.0 = Debug|Any CPU
		{E7F5E7C4-8CB4-46D8-97D3-6EFD7F14749C}.Release|Any CPU.ActiveCfg = Release|Any CPU
		{E7F5E7C4-8CB4-46D8-97D3-6EFD7F14749C}.Release|Any CPU.Build.0 = Release|Any CPU
		{7CC49184-202A-4958-91E5-21D5A2693209}.Debug|Any CPU.ActiveCfg = Debug|Any CPU
		{7CC49184-202A-4958-91E5-21D5A2693209}.Debug|Any CPU.Build.0 = Debug|Any CPU
		{7CC49184-202A-4958-91E5-21D5A2693209}.Release|Any CPU.ActiveCfg = Release|Any CPU
		{7CC49184-202A-4958-91E5-21D5A2693209}.Release|Any CPU.Build.0 = Release|Any CPU
		{36B4259F-F46D-4ABA-B041-3A6A3F670264}.Debug|Any CPU.ActiveCfg = Debug|Any CPU
		{36B4259F-F46D-4ABA-B041-3A6A3F670264}.Debug|Any CPU.Build.0 = Debug|Any CPU
		{36B4259F-F46D-4ABA-B041-3A6A3F670264}.Release|Any CPU.ActiveCfg = Release|Any CPU
		{36B4259F-F46D-4ABA-B041-3A6A3F670264}.Release|Any CPU.Build.0 = Release|Any CPU
		{30459732-5B4D-4E24-8683-A8041E82B755}.Debug|Any CPU.ActiveCfg = Debug|Any CPU
		{30459732-5B4D-4E24-8683-A8041E82B755}.Debug|Any CPU.Build.0 = Debug|Any CPU
		{30459732-5B4D-4E24-8683-A8041E82B755}.Release|Any CPU.ActiveCfg = Release|Any CPU
		{30459732-5B4D-4E24-8683-A8041E82B755}.Release|Any CPU.Build.0 = Release|Any CPU
	EndGlobalSection
EndGlobal
